{
  "version": 4,
  "terraform_version": "1.9.8",
  "serial": 45,
  "lineage": "a73a5cbd-18de-c118-0cd8-905891319091",
  "outputs": {},
  "resources": [
    {
      "module": "module.aws_ec2",
      "mode": "managed",
      "type": "aws_instance",
      "name": "ec2",
      "provider": "provider[\"registry.terraform.io/hashicorp/aws\"]",
      "instances": [
        {
          "schema_version": 1,
          "attributes": {
            "ami": "ami-0ea3c35c5c3284d82",
            "arn": "arn:aws:ec2:us-east-2:218046568933:instance/i-02d8f34fea18994bb",
            "associate_public_ip_address": true,
            "availability_zone": "us-east-2a",
            "capacity_reservation_specification": [
              {
                "capacity_reservation_preference": "open",
                "capacity_reservation_target": []
              }
            ],
            "cpu_core_count": 1,
            "cpu_options": [
              {
                "amd_sev_snp": "",
                "core_count": 1,
                "threads_per_core": 1
              }
            ],
            "cpu_threads_per_core": 1,
            "credit_specification": [
              {
                "cpu_credits": "standard"
              }
            ],
            "disable_api_stop": false,
            "disable_api_termination": false,
            "ebs_block_device": [],
            "ebs_optimized": false,
            "enclave_options": [
              {
                "enabled": false
              }
            ],
            "ephemeral_block_device": [],
            "get_password_data": false,
            "hibernation": false,
            "host_id": "",
            "host_resource_group_arn": null,
            "iam_instance_profile": "",
            "id": "i-02d8f34fea18994bb",
            "instance_initiated_shutdown_behavior": "stop",
            "instance_lifecycle": "",
            "instance_market_options": [],
            "instance_state": "running",
            "instance_type": "t2.micro",
            "ipv6_address_count": 0,
            "ipv6_addresses": [],
            "key_name": "shelf-sync",
            "launch_template": [],
            "maintenance_options": [
              {
                "auto_recovery": "default"
              }
            ],
            "metadata_options": [
              {
                "http_endpoint": "enabled",
                "http_protocol_ipv6": "disabled",
                "http_put_response_hop_limit": 2,
                "http_tokens": "required",
                "instance_metadata_tags": "disabled"
              }
            ],
            "monitoring": false,
            "network_interface": [],
            "outpost_arn": "",
            "password_data": "",
            "placement_group": "",
            "placement_partition_number": 0,
            "primary_network_interface_id": "eni-0c23f35efcf2f4b5d",
            "private_dns": "ip-172-31-14-150.us-east-2.compute.internal",
            "private_dns_name_options": [
              {
                "enable_resource_name_dns_a_record": false,
                "enable_resource_name_dns_aaaa_record": false,
                "hostname_type": "ip-name"
              }
            ],
            "private_ip": "172.31.14.150",
            "public_dns": "ec2-18-222-111-130.us-east-2.compute.amazonaws.com",
            "public_ip": "18.222.111.130",
            "root_block_device": [
              {
                "delete_on_termination": true,
                "device_name": "/dev/sda1",
                "encrypted": false,
                "iops": 3000,
                "kms_key_id": "",
                "tags": {},
                "tags_all": {},
                "throughput": 125,
                "volume_id": "vol-05526c283239f5e56",
                "volume_size": 8,
                "volume_type": "gp3"
              }
            ],
            "secondary_private_ips": [],
            "security_groups": [
              "default"
            ],
            "source_dest_check": true,
            "spot_instance_request_id": "",
            "subnet_id": "subnet-0a311ac82427fc129",
            "tags": {},
            "tags_all": {},
            "tenancy": "default",
            "timeouts": null,
            "user_data": "83b792a24448171f3863e4e74e685b0669712567",
            "user_data_base64": null,
            "user_data_replace_on_change": false,
            "volume_tags": null,
            "vpc_security_group_ids": [
              "sg-0662ba27bbd4de553"
            ]
          },
          "sensitive_attributes": [],
          "private": "eyJlMmJmYjczMC1lY2FhLTExZTYtOGY4OC0zNDM2M2JjN2M0YzAiOnsiY3JlYXRlIjo2MDAwMDAwMDAwMDAsImRlbGV0ZSI6MTIwMDAwMDAwMDAwMCwicmVhZCI6OTAwMDAwMDAwMDAwLCJ1cGRhdGUiOjYwMDAwMDAwMDAwMH0sInNjaGVtYV92ZXJzaW9uIjoiMSJ9"
        }
      ]
    },
    {
      "module": "module.aws_ec2",
      "mode": "managed",
      "type": "aws_key_pair",
      "name": "ec2_key_pair",
      "provider": "provider[\"registry.terraform.io/hashicorp/aws\"]",
      "instances": [
        {
          "schema_version": 1,
          "attributes": {
            "arn": "arn:aws:ec2:us-east-2:218046568933:key-pair/shelf-sync",
            "fingerprint": "f4:87:f2:85:73:c4:58:fa:22:be:b2:17:47:50:33:4a",
            "id": "shelf-sync",
            "key_name": "shelf-sync",
            "key_name_prefix": "",
            "key_pair_id": "key-0a7f914c997727a37",
            "key_type": "rsa",
            "public_key": "ssh-rsa AAAAB3NzaC1yc2EAAAADAQABAAABgQDGhT5mZe7hpbpef7zndHpIdEPMfDTTtC5KCtuoahfWkfGiSMjO2nHDNyxhpPPtcCp0Q3Px1O9kcLt99slYnDTH6jwK/QMSQBYijUcYAvqFP21moPuryWMvCoXhLXvY0ZAhfDuNS13H6q8W9ffYvtUj3OWxU2oR3Mohti9r4K3YcD9CioEPOD3152TpCLn56dyZF6eZdnyP2t+laa1M9wl+F+TsMbOxof6wMAHM2xczj6M6/HaP70moXpns7uXiMvFUuu+tGfxyts+AbVX1OSxgRy8oFY18TAH64XF1joypTdp2EqeUo/NwMUr37Tb6Hzet8XwEPcedFOu7a1GrWpXrY4UAvM1hpiYGxjCV/f0zGaMrDM2yR5S4zFSrV2uGFNsnmoZ1c2nxt08oeTjdAksjsgZsPUaC8elRS/fGvgdkTGR01qJPo9lOLLZ2D/2vXde6rWTaLL+Sr1txEgjM5ojac5taAOeyC2y/rcK4VrE95xLKta8sN0LF76zqrgj0bsE= sagni@Sagnik-Laptop",
            "tags": {},
            "tags_all": {}
          },
          "sensitive_attributes": [],
          "private": "eyJzY2hlbWFfdmVyc2lvbiI6IjEifQ=="
        }
      ]
    },
    {
      "module": "module.aws_ec2",
      "mode": "managed",
      "type": "aws_security_group",
      "name": "security",
      "provider": "provider[\"registry.terraform.io/hashicorp/aws\"]",
      "instances": [
        {
          "schema_version": 1,
          "attributes": {
            "arn": "arn:aws:ec2:us-east-2:218046568933:security-group/sg-0ea7dc60459a9360a",
            "description": "Allow SSH and HTTP traffic",
            "egress": [
              {
                "cidr_blocks": [
                  "0.0.0.0/0"
                ],
                "description": "",
                "from_port": 0,
                "ipv6_cidr_blocks": [],
                "prefix_list_ids": [],
                "protocol": "-1",
                "security_groups": [],
                "self": false,
                "to_port": 0
              }
            ],
            "id": "sg-0ea7dc60459a9360a",
            "ingress": [
              {
                "cidr_blocks": [
                  "0.0.0.0/0"
                ],
                "description": "SSH from VPC",
                "from_port": 22,
                "ipv6_cidr_blocks": [],
                "prefix_list_ids": [],
                "protocol": "tcp",
                "security_groups": [],
                "self": false,
                "to_port": 22
              },
              {
                "cidr_blocks": [
                  "0.0.0.0/0"
                ],
                "description": "ShelfSync from VPC",
                "from_port": 80,
                "ipv6_cidr_blocks": [],
                "prefix_list_ids": [],
                "protocol": "tcp",
                "security_groups": [],
                "self": false,
                "to_port": 3000
              }
            ],
            "name": "ec2_security_group",
            "name_prefix": "",
            "owner_id": "218046568933",
            "revoke_rules_on_delete": false,
            "tags": {},
            "tags_all": {},
            "timeouts": null,
            "vpc_id": "vpc-06f98cac00a8b7512"
          },
          "sensitive_attributes": [],
          "private": "eyJlMmJmYjczMC1lY2FhLTExZTYtOGY4OC0zNDM2M2JjN2M0YzAiOnsiY3JlYXRlIjo2MDAwMDAwMDAwMDAsImRlbGV0ZSI6OTAwMDAwMDAwMDAwfSwic2NoZW1hX3ZlcnNpb24iOiIxIn0="
        }
      ]
    },
    {
      "module": "module.aws_s3",
      "mode": "managed",
      "type": "aws_s3_bucket",
      "name": "bucket",
      "provider": "provider[\"registry.terraform.io/hashicorp/aws\"]",
      "instances": [
        {
          "schema_version": 0,
          "attributes": {
            "acceleration_status": "",
            "acl": null,
            "arn": "arn:aws:s3:::shelf-sync",
            "bucket": "shelf-sync",
            "bucket_domain_name": "shelf-sync.s3.amazonaws.com",
            "bucket_prefix": "",
            "bucket_regional_domain_name": "shelf-sync.s3.us-east-2.amazonaws.com",
            "cors_rule": [],
            "force_destroy": false,
            "grant": [
              {
                "id": "1ebbfdcb194e5afa2b2344e610cc47786ef1fd2a247d0e934ac0be00270ef343",
                "permissions": [
                  "FULL_CONTROL"
                ],
                "type": "CanonicalUser",
                "uri": ""
              }
            ],
            "hosted_zone_id": "Z2O1EMRO9K5GLX",
            "id": "shelf-sync",
            "lifecycle_rule": [],
            "logging": [],
            "object_lock_configuration": [],
            "object_lock_enabled": false,
            "policy": "",
            "region": "us-east-2",
            "replication_configuration": [],
            "request_payer": "BucketOwner",
            "server_side_encryption_configuration": [
              {
                "rule": [
                  {
                    "apply_server_side_encryption_by_default": [
                      {
                        "kms_master_key_id": "",
                        "sse_algorithm": "AES256"
                      }
                    ],
                    "bucket_key_enabled": false
                  }
                ]
              }
            ],
            "tags": {},
            "tags_all": {},
            "timeouts": null,
            "versioning": [
              {
                "enabled": false,
                "mfa_delete": false
              }
            ],
            "website": [],
            "website_domain": null,
            "website_endpoint": null
          },
          "sensitive_attributes": [],
          "private": "eyJlMmJmYjczMC1lY2FhLTExZTYtOGY4OC0zNDM2M2JjN2M0YzAiOnsiY3JlYXRlIjoxMjAwMDAwMDAwMDAwLCJkZWxldGUiOjM2MDAwMDAwMDAwMDAsInJlYWQiOjEyMDAwMDAwMDAwMDAsInVwZGF0ZSI6MTIwMDAwMDAwMDAwMH19"
        }
      ]
    },
    {
      "module": "module.aws_s3",
      "mode": "managed",
      "type": "aws_s3_bucket_public_access_block",
      "name": "bucket_public_access_block",
      "provider": "provider[\"registry.terraform.io/hashicorp/aws\"]",
      "instances": [
        {
          "schema_version": 0,
          "attributes": {
            "block_public_acls": false,
            "block_public_policy": false,
            "bucket": "shelf-sync",
            "id": "shelf-sync",
            "ignore_public_acls": false,
            "restrict_public_buckets": false
          },
          "sensitive_attributes": [],
          "private": "bnVsbA==",
          "dependencies": [
            "module.aws_s3.aws_s3_bucket.bucket"
          ]
        }
      ]
    },
    {
      "module": "module.mongodb",
      "mode": "managed",
      "type": "mongodbatlas_cluster",
      "name": "cluster",
      "provider": "provider[\"registry.terraform.io/mongodb/mongodbatlas\"]",
      "instances": [
        {
          "schema_version": 1,
          "attributes": {
            "accept_data_risks_and_force_replica_set_reconfig": "",
            "advanced_configuration": [
              {
                "change_stream_options_pre_and_post_images_expire_after_seconds": -1,
                "default_read_concern": "",
                "default_write_concern": "",
                "fail_index_key_too_long": false,
                "javascript_enabled": true,
                "minimum_enabled_tls_protocol": "TLS1_2",
                "no_table_scan": false,
                "oplog_min_retention_hours": 0,
                "oplog_size_mb": 0,
                "sample_refresh_interval_bi_connector": 0,
                "sample_size_bi_connector": 0,
                "transaction_lifetime_limit_seconds": 0
              }
            ],
            "auto_scaling_compute_enabled": false,
            "auto_scaling_compute_scale_down_enabled": false,
            "auto_scaling_disk_gb_enabled": null,
            "backing_provider_name": "AWS",
            "backup_enabled": false,
            "bi_connector_config": [
              {
                "enabled": false,
                "read_preference": "secondary"
              }
            ],
            "cloud_backup": null,
            "cluster_id": "672ffc299679062dc7d4b57d",
            "cluster_type": "REPLICASET",
            "connection_strings": [
              {
                "private": "",
                "private_endpoint": [],
                "private_srv": "",
                "standard": "mongodb://cluster0-shard-00-00.olhsa.mongodb.net:27017,cluster0-shard-00-01.olhsa.mongodb.net:27017,cluster0-shard-00-02.olhsa.mongodb.net:27017/?ssl=true\u0026authSource=admin\u0026replicaSet=atlas-o83j7o-shard-0",
                "standard_srv": "mongodb+srv://cluster0.olhsa.mongodb.net"
              }
            ],
            "container_id": null,
            "disk_size_gb": 0.5,
            "encryption_at_rest_provider": "NONE",
            "id": "Y2x1c3Rlcl9pZA==:NjcyZmZjMjk5Njc5MDYyZGM3ZDRiNTdk-Y2x1c3Rlcl9uYW1l:Y2x1c3RlcjA=-cHJvamVjdF9pZA==:NjcyZmZjMjM3NTJjZDk2NjMwM2M0YzFh-cHJvdmlkZXJfbmFtZQ==:VEVOQU5U",
            "labels": [],
            "mongo_db_major_version": "7.0",
            "mongo_db_version": "7.0.15",
            "mongo_uri": "mongodb://cluster0-shard-00-00.olhsa.mongodb.net:27017,cluster0-shard-00-01.olhsa.mongodb.net:27017,cluster0-shard-00-02.olhsa.mongodb.net:27017",
            "mongo_uri_updated": "2024-11-10T00:22:34Z",
            "mongo_uri_with_options": "mongodb://cluster0-shard-00-00.olhsa.mongodb.net:27017,cluster0-shard-00-01.olhsa.mongodb.net:27017,cluster0-shard-00-02.olhsa.mongodb.net:27017/?ssl=true\u0026authSource=admin\u0026replicaSet=atlas-o83j7o-shard-0",
            "name": "cluster0",
            "num_shards": 1,
            "paused": false,
            "pit_enabled": false,
            "project_id": "672ffc23752cd966303c4c1a",
            "provider_auto_scaling_compute_max_instance_size": "",
            "provider_auto_scaling_compute_min_instance_size": "",
            "provider_disk_iops": null,
            "provider_disk_type_name": "",
            "provider_encrypt_ebs_volume": null,
            "provider_encrypt_ebs_volume_flag": null,
            "provider_instance_size_name": "M0",
            "provider_name": "TENANT",
            "provider_region_name": "US_EAST_1",
            "provider_volume_type": "",
            "redact_client_log_data": false,
            "replication_factor": 3,
            "replication_specs": [
              {
                "id": "672ffc299679062dc7d4b56b",
                "num_shards": 1,
                "regions_config": [
                  {
                    "analytics_nodes": 0,
                    "electable_nodes": 3,
                    "priority": 7,
                    "read_only_nodes": 0,
                    "region_name": "US_EAST_1"
                  }
                ],
                "zone_name": "Zone 1"
              }
            ],
            "retain_backups_enabled": null,
            "snapshot_backup_policy": [],
            "srv_address": "mongodb+srv://cluster0.olhsa.mongodb.net",
            "state_name": "IDLE",
            "tags": [],
            "termination_protection_enabled": false,
            "timeouts": null,
            "version_release_system": "LTS"
          },
          "sensitive_attributes": [],
          "private": "eyJlMmJmYjczMC1lY2FhLTExZTYtOGY4OC0zNDM2M2JjN2M0YzAiOnsiY3JlYXRlIjoxMDgwMDAwMDAwMDAwMCwiZGVsZXRlIjoxMDgwMDAwMDAwMDAwMCwidXBkYXRlIjoxMDgwMDAwMDAwMDAwMH0sInNjaGVtYV92ZXJzaW9uIjoiMSJ9",
          "dependencies": [
            "module.mongodb.mongodbatlas_project.project"
          ]
        }
      ]
    },
    {
      "module": "module.mongodb",
      "mode": "managed",
      "type": "mongodbatlas_database_user",
      "name": "user",
      "provider": "provider[\"registry.terraform.io/mongodb/mongodbatlas\"]",
      "instances": [
        {
          "schema_version": 0,
          "attributes": {
            "auth_database_name": "admin",
            "aws_iam_type": "NONE",
            "id": "YXV0aF9kYXRhYmFzZV9uYW1l:YWRtaW4=-cHJvamVjdF9pZA==:NjcyZmZjMjM3NTJjZDk2NjMwM2M0YzFh-dXNlcm5hbWU=:U2hlbGZTeW5j",
            "labels": [],
            "ldap_auth_type": "NONE",
            "oidc_auth_type": "NONE",
            "password": "whyisitasitis",
            "project_id": "672ffc23752cd966303c4c1a",
            "roles": [
              {
                "collection_name": null,
                "database_name": "ShelfSync",
                "role_name": "readWrite"
              }
            ],
            "scopes": [],
            "username": "ShelfSync",
            "x509_type": "NONE"
          },
          "sensitive_attributes": [
            [
              {
                "type": "get_attr",
                "value": "password"
              }
            ]
          ],
          "dependencies": [
            "module.mongodb.mongodbatlas_project.project"
          ]
        }
      ]
    },
    {
      "module": "module.mongodb",
      "mode": "managed",
      "type": "mongodbatlas_project",
      "name": "project",
      "provider": "provider[\"registry.terraform.io/mongodb/mongodbatlas\"]",
      "instances": [
        {
          "schema_version": 0,
          "attributes": {
            "cluster_count": 1,
            "created": "2024-11-10T00:19:50Z",
            "id": "672ffc23752cd966303c4c1a",
            "ip_addresses": {
              "services": {
                "clusters": [
                  {
                    "cluster_name": "cluster0",
                    "inbound": [
                      "3.225.156.204",
                      "34.225.212.207",
                      "54.162.35.233"
                    ],
                    "outbound": [
                      "3.225.156.204",
                      "34.225.212.207",
                      "54.162.35.233"
                    ]
                  }
                ]
              }
            },
            "is_collect_database_specifics_statistics_enabled": true,
            "is_data_explorer_enabled": true,
            "is_extended_storage_sizes_enabled": false,
            "is_performance_advisor_enabled": true,
            "is_realtime_performance_panel_enabled": true,
            "is_schema_advisor_enabled": true,
            "is_slow_operation_thresholding_enabled": true,
            "limits": [],
            "name": "ShelfSync",
            "org_id": "66eb81df970c280437e58429",
            "project_owner_id": null,
            "region_usage_restrictions": null,
            "tags": null,
            "teams": [],
            "with_default_alerts_settings": true
          },
          "sensitive_attributes": []
        }
      ]
    },
    {
      "module": "module.mongodb",
      "mode": "managed",
      "type": "mongodbatlas_project_ip_access_list",
      "name": "ip_whitelist",
      "provider": "provider[\"registry.terraform.io/mongodb/mongodbatlas\"]",
      "instances": [
        {
          "schema_version": 0,
          "attributes": {
            "aws_security_group": "",
            "cidr_block": "0.0.0.0/0",
            "comment": "",
            "id": "ZW50cnk=:MC4wLjAuMC8w-cHJvamVjdF9pZA==:NjcyZmZjMjM3NTJjZDk2NjMwM2M0YzFh",
            "ip_address": "",
            "project_id": "672ffc23752cd966303c4c1a",
            "timeouts": null
          },
          "sensitive_attributes": [],
          "dependencies": [
            "module.mongodb.mongodbatlas_project.project"
          ]
        }
      ]
    }
  ],
  "check_results": null
}
